
Microsoft Visual Studio Solution File, Format Version 12.00
# Visual Studio 15
VisualStudioVersion = 15.0.28307.106
MinimumVisualStudioVersion = 10.0.40219.1
Project("{8BC9CEB8-8B4A-11D0-8D11-00A0C91BC942}") = "elasticnodes", "elasticnodes.vcxproj", "{79204694-370C-340C-A65B-269AEEA444FD}"
EndProject
Global
	GlobalSection(SolutionConfigurationPlatforms) = preSolution
		Debug|x64 = Debug|x64
		Release|x64 = Release|x64
	EndGlobalSection
	GlobalSection(ProjectConfigurationPlatforms) = postSolution
		{79204694-370C-340C-A65B-269AEEA444FD}.Debug|x64.ActiveCfg = Debug|x64
		{79204694-370C-340C-A65B-269AEEA444FD}.Debug|x64.Build.0 = Debug|x64
		{79204694-370C-340C-A65B-269AEEA444FD}.Release|x64.ActiveCfg = Release|x64
		{79204694-370C-340C-A65B-269AEEA444FD}.Release|x64.Build.0 = Release|x64
	EndGlobalSection
	GlobalSection(SolutionProperties) = preSolution
		HideSolutionNode = FALSE
	EndGlobalSection
	GlobalSection(ExtensibilityGlobals) = postSolution
		SolutionGuid = {041A90D6-0DFE-4002-A0A6-0E337E2F8B67}
	EndGlobalSection
EndGlobal
